PODS:
  - Alamofire (4.7.3)
  - iProgressHUD (1.1.1)
  - JTAppleCalendar (7.1.5)
  - Popover (1.2.0)
  - SwiftyJSON (4.1.0)

DEPENDENCIES:
  - Alamofire (~> 4.7)
  - iProgressHUD (~> 1.1.1)
  - JTAppleCalendar (~> 7.0)
  - Popover
  - SwiftyJSON (~> 4.0)

SPEC REPOS:
  https://github.com/CocoaPods/Specs.git:
    - Alamofire
    - iProgressHUD
    - JTAppleCalendar
    - Popover
    - SwiftyJSON

SPEC CHECKSUMS:
  Alamofire: c7287b6e5d7da964a70935e5db17046b7fde6568
  iProgressHUD: caa742128253c97f2c2e1ec59e2bbe6cf689df6a
  JTAppleCalendar: 2d4f974f9f3c8b4964d51ca1f6e004883c031fbe
  Popover: 28c1ac8e937ab2b3965bd2da7dd18324357abc41
  SwiftyJSON: c29297daf073d2aa016295d5809cdd68045c39b3

PODFILE CHECKSUM: 400f593c593d24b64a084c2fddbcec1f6d460884

COCOAPODS: 1.5.0
